
Microsoft Visual Studio Solution File, Format Version 12.00
# Visual Studio Version 16
VisualStudioVersion = 16.0.30711.63
MinimumVisualStudioVersion = 10.0.40219.1
Project("{FAE04EC0-301F-11D3-BF4B-00C04F79EFBC}") = "QueryPlanVisualizer.LinqPad5", "QueryPlanVisualizer.LinqPad5\QueryPlanVisualizer.LinqPad5.csproj", "{DF42BBC7-9733-4FD3-9758-13A1F657CFBB}"
EndProject
Project("{FAE04EC0-301F-11D3-BF4B-00C04F79EFBC}") = "QueryPlanVisualizer.LinqPad6", "QueryPlanVisualizer.LinqPad6\QueryPlanVisualizer.LinqPad6.csproj", "{2758E806-1292-4328-8A36-2143EF2533D5}"
EndProject
Global
	GlobalSection(SolutionConfigurationPlatforms) = preSolution
		Debug|Any CPU = Debug|Any CPU
		Release|Any CPU = Release|Any CPU
	EndGlobalSection
	GlobalSection(ProjectConfigurationPlatforms) = postSolution
		{DF42BBC7-9733-4FD3-9758-13A1F657CFBB}.Debug|Any CPU.ActiveCfg = Debug|Any CPU
		{DF42BBC7-9733-4FD3-9758-13A1F657CFBB}.Debug|Any CPU.Build.0 = Debug|Any CPU
		{DF42BBC7-9733-4FD3-9758-13A1F657CFBB}.Release|Any CPU.ActiveCfg = Release|Any CPU
		{DF42BBC7-9733-4FD3-9758-13A1F657CFBB}.Release|Any CPU.Build.0 = Release|Any CPU
		{2758E806-1292-4328-8A36-2143EF2533D5}.Debug|Any CPU.ActiveCfg = Debug|Any CPU
		{2758E806-1292-4328-8A36-2143EF2533D5}.Debug|Any CPU.Build.0 = Debug|Any CPU
		{2758E806-1292-4328-8A36-2143EF2533D5}.Release|Any CPU.ActiveCfg = Release|Any CPU
		{2758E806-1292-4328-8A36-2143EF2533D5}.Release|Any CPU.Build.0 = Release|Any CPU
	EndGlobalSection
	GlobalSection(SolutionProperties) = preSolution
		HideSolutionNode = FALSE
	EndGlobalSection
	GlobalSection(ExtensibilityGlobals) = postSolution
		SolutionGuid = {277FEC5F-DC8B-4542-A490-F44EFBB8B240}
	EndGlobalSection
EndGlobal
